
Microsoft Visual Studio Solution File, Format Version 12.00
# Visual Studio Version 17
VisualStudioVersion = 17.12.35707.178 d17.12
MinimumVisualStudioVersion = 10.0.40219.1
Project("{FAE04EC0-301F-11D3-BF4B-00C04F79EFBC}") = "API_GESTION_PROPIEDADES", "API_GESTION_PROPIEDADES.csproj", "{7E5C7027-B415-4FCC-BE5C-23A0DED7DCDA}"
EndProject
Project("{2150E333-8FDC-42A3-9474-1A3956D46DE8}") = "src", "src", "{53FFA1FB-AA18-4D23-BA49-380C49541A5A}"
EndProject
Project("{2150E333-8FDC-42A3-9474-1A3956D46DE8}") = "test", "test", "{C0416166-3110-440D-851E-4143C72A194A}"
EndProject
Project("{FAE04EC0-301F-11D3-BF4B-00C04F79EFBC}") = "DOMINIO_GESTION_PROPIEDADES", "..\DOMINIO_GESTION_PROPIEDADES\DOMINIO_GESTION_PROPIEDADES.csproj", "{59B02AEE-DD8A-405A-9D90-6387C702C882}"
EndProject
Project("{FAE04EC0-301F-11D3-BF4B-00C04F79EFBC}") = "APLICACION_GESTION_PROPIEDADES", "..\APLICACION_GESTION_PROPIEDADES\APLICACION_GESTION_PROPIEDADES.csproj", "{52921C9F-6A7F-4CF0-A2A4-2B04A78E2E1A}"
EndProject
Project("{FAE04EC0-301F-11D3-BF4B-00C04F79EFBC}") = "INFRAESTRUCTURA_GESTION_PROPIEDADES", "..\INFRAESTRUCTURA_GESTION_PROPIEDADES\INFRAESTRUCTURA_GESTION_PROPIEDADES.csproj", "{AB52CB52-1867-447A-A40D-BD72C65B6CDD}"
EndProject
Global
	GlobalSection(SolutionConfigurationPlatforms) = preSolution
		Debug|Any CPU = Debug|Any CPU
		Release|Any CPU = Release|Any CPU
	EndGlobalSection
	GlobalSection(ProjectConfigurationPlatforms) = postSolution
		{7E5C7027-B415-4FCC-BE5C-23A0DED7DCDA}.Debug|Any CPU.ActiveCfg = Debug|Any CPU
		{7E5C7027-B415-4FCC-BE5C-23A0DED7DCDA}.Debug|Any CPU.Build.0 = Debug|Any CPU
		{7E5C7027-B415-4FCC-BE5C-23A0DED7DCDA}.Release|Any CPU.ActiveCfg = Release|Any CPU
		{7E5C7027-B415-4FCC-BE5C-23A0DED7DCDA}.Release|Any CPU.Build.0 = Release|Any CPU
		{59B02AEE-DD8A-405A-9D90-6387C702C882}.Debug|Any CPU.ActiveCfg = Debug|Any CPU
		{59B02AEE-DD8A-405A-9D90-6387C702C882}.Debug|Any CPU.Build.0 = Debug|Any CPU
		{59B02AEE-DD8A-405A-9D90-6387C702C882}.Release|Any CPU.ActiveCfg = Release|Any CPU
		{59B02AEE-DD8A-405A-9D90-6387C702C882}.Release|Any CPU.Build.0 = Release|Any CPU
		{52921C9F-6A7F-4CF0-A2A4-2B04A78E2E1A}.Debug|Any CPU.ActiveCfg = Debug|Any CPU
		{52921C9F-6A7F-4CF0-A2A4-2B04A78E2E1A}.Debug|Any CPU.Build.0 = Debug|Any CPU
		{52921C9F-6A7F-4CF0-A2A4-2B04A78E2E1A}.Release|Any CPU.ActiveCfg = Release|Any CPU
		{52921C9F-6A7F-4CF0-A2A4-2B04A78E2E1A}.Release|Any CPU.Build.0 = Release|Any CPU
		{AB52CB52-1867-447A-A40D-BD72C65B6CDD}.Debug|Any CPU.ActiveCfg = Debug|Any CPU
		{AB52CB52-1867-447A-A40D-BD72C65B6CDD}.Debug|Any CPU.Build.0 = Debug|Any CPU
		{AB52CB52-1867-447A-A40D-BD72C65B6CDD}.Release|Any CPU.ActiveCfg = Release|Any CPU
		{AB52CB52-1867-447A-A40D-BD72C65B6CDD}.Release|Any CPU.Build.0 = Release|Any CPU
	EndGlobalSection
	GlobalSection(SolutionProperties) = preSolution
		HideSolutionNode = FALSE
	EndGlobalSection
	GlobalSection(NestedProjects) = preSolution
		{7E5C7027-B415-4FCC-BE5C-23A0DED7DCDA} = {53FFA1FB-AA18-4D23-BA49-380C49541A5A}
		{59B02AEE-DD8A-405A-9D90-6387C702C882} = {53FFA1FB-AA18-4D23-BA49-380C49541A5A}
		{52921C9F-6A7F-4CF0-A2A4-2B04A78E2E1A} = {53FFA1FB-AA18-4D23-BA49-380C49541A5A}
		{AB52CB52-1867-447A-A40D-BD72C65B6CDD} = {53FFA1FB-AA18-4D23-BA49-380C49541A5A}
	EndGlobalSection
EndGlobal
